
Microsoft Visual Studio Solution File, Format Version 12.00
# Visual Studio 2013
VisualStudioVersion = 12.0.30723.0
MinimumVisualStudioVersion = 10.0.40219.1
Project("{FAE04EC0-301F-11D3-BF4B-00C04F79EFBC}") = "ContactManagement", "ContactManagement\ContactManagement.csproj", "{EF28E804-4C51-4584-9622-499C3693EB44}"
EndProject
Project("{FAE04EC0-301F-11D3-BF4B-00C04F79EFBC}") = "ContactManagement.DAL", "ContactManagement.DAL\ContactManagement.DAL.csproj", "{BD7B76D6-C225-46E6-8F48-4A26C6BF9BE9}"
EndProject
Global
	GlobalSection(SolutionConfigurationPlatforms) = preSolution
		Debug|Any CPU = Debug|Any CPU
		Release|Any CPU = Release|Any CPU
	EndGlobalSection
	GlobalSection(ProjectConfigurationPlatforms) = postSolution
		{EF28E804-4C51-4584-9622-499C3693EB44}.Debug|Any CPU.ActiveCfg = Debug|Any CPU
		{EF28E804-4C51-4584-9622-499C3693EB44}.Debug|Any CPU.Build.0 = Debug|Any CPU
		{EF28E804-4C51-4584-9622-499C3693EB44}.Release|Any CPU.ActiveCfg = Release|Any CPU
		{EF28E804-4C51-4584-9622-499C3693EB44}.Release|Any CPU.Build.0 = Release|Any CPU
		{BD7B76D6-C225-46E6-8F48-4A26C6BF9BE9}.Debug|Any CPU.ActiveCfg = Debug|Any CPU
		{BD7B76D6-C225-46E6-8F48-4A26C6BF9BE9}.Debug|Any CPU.Build.0 = Debug|Any CPU
		{BD7B76D6-C225-46E6-8F48-4A26C6BF9BE9}.Release|Any CPU.ActiveCfg = Release|Any CPU
		{BD7B76D6-C225-46E6-8F48-4A26C6BF9BE9}.Release|Any CPU.Build.0 = Release|Any CPU
	EndGlobalSection
	GlobalSection(SolutionProperties) = preSolution
		HideSolutionNode = FALSE
	EndGlobalSection
EndGlobal
